
Microsoft Visual Studio Solution File, Format Version 12.00
# Visual Studio Version 17
VisualStudioVersion = 17.12.35506.116 d17.12
MinimumVisualStudioVersion = 10.0.40219.1
Project("{FAE04EC0-301F-11D3-BF4B-00C04F79EFBC}") = "QueVistoHojeBlazorApp", "QueVistoHojeBlazorApp\QueVistoHojeBlazorApp.csproj", "{1F4C4C4E-7712-4517-ACFD-B98F4BD5E322}"
EndProject
Project("{FAE04EC0-301F-11D3-BF4B-00C04F79EFBC}") = "QueVistoHojeMaui", "QueVistoHojeMaui\QueVistoHojeMaui\QueVistoHojeMaui.csproj", "{BD23598F-1507-4528-B7BA-9AD4560C736F}"
EndProject
Project("{FAE04EC0-301F-11D3-BF4B-00C04F79EFBC}") = "QueVistoHojeMaui.Shared", "QueVistoHojeMaui\QueVistoHojeMaui.Shared\QueVistoHojeMaui.Shared.csproj", "{38145036-78C9-4054-8BBC-34C349125EFA}"
EndProject
Project("{FAE04EC0-301F-11D3-BF4B-00C04F79EFBC}") = "QueVistoHojeMaui.Web", "QueVistoHojeMaui\QueVistoHojeMaui.Web\QueVistoHojeMaui.Web.csproj", "{C8612AC5-7270-4928-8694-B110A9153597}"
EndProject
Project("{FAE04EC0-301F-11D3-BF4B-00C04F79EFBC}") = "QueVistoHojeRazorClassLibrary", "QueVistoHojeRazorClassLibrary\QueVistoHojeRazorClassLibrary.csproj", "{E442DEFA-5C66-465B-BC04-BB145878F3DE}"
EndProject
Global
	GlobalSection(SolutionConfigurationPlatforms) = preSolution
		Debug|Any CPU = Debug|Any CPU
		Release|Any CPU = Release|Any CPU
	EndGlobalSection
	GlobalSection(ProjectConfigurationPlatforms) = postSolution
		{1F4C4C4E-7712-4517-ACFD-B98F4BD5E322}.Debug|Any CPU.ActiveCfg = Debug|Any CPU
		{1F4C4C4E-7712-4517-ACFD-B98F4BD5E322}.Debug|Any CPU.Build.0 = Debug|Any CPU
		{1F4C4C4E-7712-4517-ACFD-B98F4BD5E322}.Release|Any CPU.ActiveCfg = Release|Any CPU
		{1F4C4C4E-7712-4517-ACFD-B98F4BD5E322}.Release|Any CPU.Build.0 = Release|Any CPU
		{BD23598F-1507-4528-B7BA-9AD4560C736F}.Debug|Any CPU.ActiveCfg = Debug|Any CPU
		{BD23598F-1507-4528-B7BA-9AD4560C736F}.Debug|Any CPU.Build.0 = Debug|Any CPU
		{BD23598F-1507-4528-B7BA-9AD4560C736F}.Release|Any CPU.ActiveCfg = Release|Any CPU
		{BD23598F-1507-4528-B7BA-9AD4560C736F}.Release|Any CPU.Build.0 = Release|Any CPU
		{38145036-78C9-4054-8BBC-34C349125EFA}.Debug|Any CPU.ActiveCfg = Debug|Any CPU
		{38145036-78C9-4054-8BBC-34C349125EFA}.Debug|Any CPU.Build.0 = Debug|Any CPU
		{38145036-78C9-4054-8BBC-34C349125EFA}.Release|Any CPU.ActiveCfg = Release|Any CPU
		{38145036-78C9-4054-8BBC-34C349125EFA}.Release|Any CPU.Build.0 = Release|Any CPU
		{C8612AC5-7270-4928-8694-B110A9153597}.Debug|Any CPU.ActiveCfg = Debug|Any CPU
		{C8612AC5-7270-4928-8694-B110A9153597}.Debug|Any CPU.Build.0 = Debug|Any CPU
		{C8612AC5-7270-4928-8694-B110A9153597}.Release|Any CPU.ActiveCfg = Release|Any CPU
		{C8612AC5-7270-4928-8694-B110A9153597}.Release|Any CPU.Build.0 = Release|Any CPU
		{E442DEFA-5C66-465B-BC04-BB145878F3DE}.Debug|Any CPU.ActiveCfg = Debug|Any CPU
		{E442DEFA-5C66-465B-BC04-BB145878F3DE}.Debug|Any CPU.Build.0 = Debug|Any CPU
		{E442DEFA-5C66-465B-BC04-BB145878F3DE}.Release|Any CPU.ActiveCfg = Release|Any CPU
		{E442DEFA-5C66-465B-BC04-BB145878F3DE}.Release|Any CPU.Build.0 = Release|Any CPU
	EndGlobalSection
	GlobalSection(SolutionProperties) = preSolution
		HideSolutionNode = FALSE
	EndGlobalSection
EndGlobal
